
Microsoft Visual Studio Solution File, Format Version 12.00
# Visual Studio Version 17
VisualStudioVersion = 17.7.34221.43
MinimumVisualStudioVersion = 10.0.40219.1
Project("{2150E333-8FDC-42A3-9474-1A3956D46DE8}") = "Services", "Services", "{20468CC9-4562-4FBF-B238-D782A19EEAAE}"
EndProject
Project("{2150E333-8FDC-42A3-9474-1A3956D46DE8}") = "Catalog", "Catalog", "{A3970D15-266D-4F9B-A471-EBDFA5FDC2A1}"
EndProject
Project("{FAE04EC0-301F-11D3-BF4B-00C04F79EFBC}") = "FreeCourse.Services.Catalog", "Services\Catalog\FreeCourse.Services.Catalog\FreeCourse.Services.Catalog.csproj", "{688CDCF2-0512-4AF7-B07D-CFB8EF193898}"
EndProject
Project("{2150E333-8FDC-42A3-9474-1A3956D46DE8}") = "Solution Items", "Solution Items", "{7CD6F126-5537-4947-99B0-3EFA9BAD3138}"
	ProjectSection(SolutionItems) = preProject
		Ports = Ports
	EndProjectSection
EndProject
Global
	GlobalSection(SolutionConfigurationPlatforms) = preSolution
		Debug|Any CPU = Debug|Any CPU
		Release|Any CPU = Release|Any CPU
	EndGlobalSection
	GlobalSection(ProjectConfigurationPlatforms) = postSolution
		{688CDCF2-0512-4AF7-B07D-CFB8EF193898}.Debug|Any CPU.ActiveCfg = Debug|Any CPU
		{688CDCF2-0512-4AF7-B07D-CFB8EF193898}.Debug|Any CPU.Build.0 = Debug|Any CPU
		{688CDCF2-0512-4AF7-B07D-CFB8EF193898}.Release|Any CPU.ActiveCfg = Release|Any CPU
		{688CDCF2-0512-4AF7-B07D-CFB8EF193898}.Release|Any CPU.Build.0 = Release|Any CPU
	EndGlobalSection
	GlobalSection(SolutionProperties) = preSolution
		HideSolutionNode = FALSE
	EndGlobalSection
	GlobalSection(NestedProjects) = preSolution
		{A3970D15-266D-4F9B-A471-EBDFA5FDC2A1} = {20468CC9-4562-4FBF-B238-D782A19EEAAE}
		{688CDCF2-0512-4AF7-B07D-CFB8EF193898} = {A3970D15-266D-4F9B-A471-EBDFA5FDC2A1}
	EndGlobalSection
	GlobalSection(ExtensibilityGlobals) = postSolution
		SolutionGuid = {33DA9141-6732-4438-8A11-7432F4A454E3}
	EndGlobalSection
EndGlobal
